
Microsoft Visual Studio Solution File, Format Version 12.00
#
Project("{2150E333-8FDC-42A3-9474-1A3956D46DE8}") = "!Solution Item", "!Solution Item", "{EEC60B52-A074-46D0-AA34-F6AD73E89694}"
	ProjectSection(SolutionItems) = preProject
		Directory.build.props = Directory.build.props
		README.md = README.md
		.gitignore = .gitignore
		Dockerfile = Dockerfile
		docker-compose.yml = docker-compose.yml
		.env = .env
	EndProjectSection
EndProject
Project("{2150E333-8FDC-42A3-9474-1A3956D46DE8}") = "App", "App", "{7E573F5F-B632-4028-B7F0-FD8A99DC6647}"
EndProject
Project("{FAE04EC0-301F-11D3-BF4B-00C04F79EFBC}") = "WebApp", "WebApp\WebApp.csproj", "{6BD305DA-5980-4B07-A7EA-366733B3ECBA}"
EndProject
Project("{FAE04EC0-301F-11D3-BF4B-00C04F79EFBC}") = "App.Domain", "App.Domain\App.Domain.csproj", "{54FA0A75-B9F3-4747-BC87-885A7C0437B0}"
EndProject
Project("{FAE04EC0-301F-11D3-BF4B-00C04F79EFBC}") = "App.Repository", "App.Repository\App.Repository.csproj", "{93C32F32-E88A-4F5E-85F0-4935930F9150}"
EndProject
Project("{FAE04EC0-301F-11D3-BF4B-00C04F79EFBC}") = "App.Service", "App.Service\App.Service.csproj", "{CF2045A1-5D35-43F9-9B89-1F6940C3C959}"
EndProject
Project("{FAE04EC0-301F-11D3-BF4B-00C04F79EFBC}") = "App.Data", "App.Data\App.Data.csproj", "{5E31ED1B-86FD-42E3-9380-46DD91211C1B}"
EndProject
Project("{FAE04EC0-301F-11D3-BF4B-00C04F79EFBC}") = "App.Common", "App.Common\App.Common.csproj", "{8AB224EA-E129-4C2E-9E25-0497D305BA33}"
EndProject
Project("{FAE04EC0-301F-11D3-BF4B-00C04F79EFBC}") = "App.EF", "App.EF\App.EF.csproj", "{554C07CD-A934-4E08-A336-D3DDF21D8FB6}"
EndProject
Project("{2150E333-8FDC-42A3-9474-1A3956D46DE8}") = "tests", "tests", "{69750DF5-63B8-4524-8BFB-7E97E0FC9E36}"
	ProjectSection(SolutionItems) = preProject
		tests\.gitlab-ci.yml = tests\.gitlab-ci.yml
	EndProjectSection
EndProject
Project("{FAE04EC0-301F-11D3-BF4B-00C04F79EFBC}") = "App.UnitTests", "tests\App.UnitTests\App.UnitTests.csproj", "{85B09283-A6DC-443B-AD62-AAA468785011}"
EndProject
Project("{FAE04EC0-301F-11D3-BF4B-00C04F79EFBC}") = "App.IntegrationTests", "tests\App.IntegrationTests\App.IntegrationTests.csproj", "{8ED696DF-41CF-4006-B0CC-5D24C49B2AAA}"
EndProject
Global
	GlobalSection(SolutionConfigurationPlatforms) = preSolution
		Debug|Any CPU = Debug|Any CPU
		Release|Any CPU = Release|Any CPU
	EndGlobalSection
	GlobalSection(NestedProjects) = preSolution
		{6BD305DA-5980-4B07-A7EA-366733B3ECBA} = {7E573F5F-B632-4028-B7F0-FD8A99DC6647}
		{54FA0A75-B9F3-4747-BC87-885A7C0437B0} = {7E573F5F-B632-4028-B7F0-FD8A99DC6647}
		{93C32F32-E88A-4F5E-85F0-4935930F9150} = {7E573F5F-B632-4028-B7F0-FD8A99DC6647}
		{CF2045A1-5D35-43F9-9B89-1F6940C3C959} = {7E573F5F-B632-4028-B7F0-FD8A99DC6647}
		{5E31ED1B-86FD-42E3-9380-46DD91211C1B} = {7E573F5F-B632-4028-B7F0-FD8A99DC6647}
		{8AB224EA-E129-4C2E-9E25-0497D305BA33} = {7E573F5F-B632-4028-B7F0-FD8A99DC6647}
		{554C07CD-A934-4E08-A336-D3DDF21D8FB6} = {7E573F5F-B632-4028-B7F0-FD8A99DC6647}
		{85B09283-A6DC-443B-AD62-AAA468785011} = {69750DF5-63B8-4524-8BFB-7E97E0FC9E36}
		{8ED696DF-41CF-4006-B0CC-5D24C49B2AAA} = {69750DF5-63B8-4524-8BFB-7E97E0FC9E36}
	EndGlobalSection
	GlobalSection(ProjectConfigurationPlatforms) = postSolution
		{6BD305DA-5980-4B07-A7EA-366733B3ECBA}.Debug|Any CPU.ActiveCfg = Debug|Any CPU
		{6BD305DA-5980-4B07-A7EA-366733B3ECBA}.Debug|Any CPU.Build.0 = Debug|Any CPU
		{6BD305DA-5980-4B07-A7EA-366733B3ECBA}.Release|Any CPU.ActiveCfg = Release|Any CPU
		{6BD305DA-5980-4B07-A7EA-366733B3ECBA}.Release|Any CPU.Build.0 = Release|Any CPU
		{54FA0A75-B9F3-4747-BC87-885A7C0437B0}.Debug|Any CPU.ActiveCfg = Debug|Any CPU
		{54FA0A75-B9F3-4747-BC87-885A7C0437B0}.Debug|Any CPU.Build.0 = Debug|Any CPU
		{54FA0A75-B9F3-4747-BC87-885A7C0437B0}.Release|Any CPU.ActiveCfg = Release|Any CPU
		{54FA0A75-B9F3-4747-BC87-885A7C0437B0}.Release|Any CPU.Build.0 = Release|Any CPU
		{93C32F32-E88A-4F5E-85F0-4935930F9150}.Debug|Any CPU.ActiveCfg = Debug|Any CPU
		{93C32F32-E88A-4F5E-85F0-4935930F9150}.Debug|Any CPU.Build.0 = Debug|Any CPU
		{93C32F32-E88A-4F5E-85F0-4935930F9150}.Release|Any CPU.ActiveCfg = Release|Any CPU
		{93C32F32-E88A-4F5E-85F0-4935930F9150}.Release|Any CPU.Build.0 = Release|Any CPU
		{CF2045A1-5D35-43F9-9B89-1F6940C3C959}.Debug|Any CPU.ActiveCfg = Debug|Any CPU
		{CF2045A1-5D35-43F9-9B89-1F6940C3C959}.Debug|Any CPU.Build.0 = Debug|Any CPU
		{CF2045A1-5D35-43F9-9B89-1F6940C3C959}.Release|Any CPU.ActiveCfg = Release|Any CPU
		{CF2045A1-5D35-43F9-9B89-1F6940C3C959}.Release|Any CPU.Build.0 = Release|Any CPU
		{5E31ED1B-86FD-42E3-9380-46DD91211C1B}.Debug|Any CPU.ActiveCfg = Debug|Any CPU
		{5E31ED1B-86FD-42E3-9380-46DD91211C1B}.Debug|Any CPU.Build.0 = Debug|Any CPU
		{5E31ED1B-86FD-42E3-9380-46DD91211C1B}.Release|Any CPU.ActiveCfg = Release|Any CPU
		{5E31ED1B-86FD-42E3-9380-46DD91211C1B}.Release|Any CPU.Build.0 = Release|Any CPU
		{8AB224EA-E129-4C2E-9E25-0497D305BA33}.Debug|Any CPU.ActiveCfg = Debug|Any CPU
		{8AB224EA-E129-4C2E-9E25-0497D305BA33}.Debug|Any CPU.Build.0 = Debug|Any CPU
		{8AB224EA-E129-4C2E-9E25-0497D305BA33}.Release|Any CPU.ActiveCfg = Release|Any CPU
		{8AB224EA-E129-4C2E-9E25-0497D305BA33}.Release|Any CPU.Build.0 = Release|Any CPU
		{554C07CD-A934-4E08-A336-D3DDF21D8FB6}.Debug|Any CPU.ActiveCfg = Debug|Any CPU
		{554C07CD-A934-4E08-A336-D3DDF21D8FB6}.Debug|Any CPU.Build.0 = Debug|Any CPU
		{554C07CD-A934-4E08-A336-D3DDF21D8FB6}.Release|Any CPU.ActiveCfg = Release|Any CPU
		{554C07CD-A934-4E08-A336-D3DDF21D8FB6}.Release|Any CPU.Build.0 = Release|Any CPU
		{85B09283-A6DC-443B-AD62-AAA468785011}.Debug|Any CPU.ActiveCfg = Debug|Any CPU
		{85B09283-A6DC-443B-AD62-AAA468785011}.Debug|Any CPU.Build.0 = Debug|Any CPU
		{85B09283-A6DC-443B-AD62-AAA468785011}.Release|Any CPU.ActiveCfg = Release|Any CPU
		{85B09283-A6DC-443B-AD62-AAA468785011}.Release|Any CPU.Build.0 = Release|Any CPU
		{8ED696DF-41CF-4006-B0CC-5D24C49B2AAA}.Debug|Any CPU.ActiveCfg = Debug|Any CPU
		{8ED696DF-41CF-4006-B0CC-5D24C49B2AAA}.Debug|Any CPU.Build.0 = Debug|Any CPU
		{8ED696DF-41CF-4006-B0CC-5D24C49B2AAA}.Release|Any CPU.ActiveCfg = Release|Any CPU
		{8ED696DF-41CF-4006-B0CC-5D24C49B2AAA}.Release|Any CPU.Build.0 = Release|Any CPU
	EndGlobalSection
EndGlobal
